
Microsoft Visual Studio Solution File, Format Version 12.00
# Visual Studio Version 17
VisualStudioVersion = 17.3.32901.215
MinimumVisualStudioVersion = 10.0.40219.1
Project("{FAE04EC0-301F-11D3-BF4B-00C04F79EFBC}") = "Opdracht_4", "Opdracht_4\Opdracht_4.csproj", "{D940C9BD-E8AD-4E74-AF1B-DA477DED785B}"
EndProject
Global
	GlobalSection(SolutionConfigurationPlatforms) = preSolution
		Debug|Any CPU = Debug|Any CPU
		Release|Any CPU = Release|Any CPU
	EndGlobalSection
	GlobalSection(ProjectConfigurationPlatforms) = postSolution
		{D940C9BD-E8AD-4E74-AF1B-DA477DED785B}.Debug|Any CPU.ActiveCfg = Debug|Any CPU
		{D940C9BD-E8AD-4E74-AF1B-DA477DED785B}.Debug|Any CPU.Build.0 = Debug|Any CPU
		{D940C9BD-E8AD-4E74-AF1B-DA477DED785B}.Release|Any CPU.ActiveCfg = Release|Any CPU
		{D940C9BD-E8AD-4E74-AF1B-DA477DED785B}.Release|Any CPU.Build.0 = Release|Any CPU
	EndGlobalSection
	GlobalSection(SolutionProperties) = preSolution
		HideSolutionNode = FALSE
	EndGlobalSection
	GlobalSection(ExtensibilityGlobals) = postSolution
		SolutionGuid = {68B0100C-F5D5-4F63-A417-3B05AB214F62}
	EndGlobalSection
EndGlobal
